
Microsoft Visual Studio Solution File, Format Version 12.00
# Visual Studio 15
VisualStudioVersion = 15.0.27004.2005
MinimumVisualStudioVersion = 10.0.40219.1
Project("{FAE04EC0-301F-11D3-BF4B-00C04F79EFBC}") = "Exercise_MVCAndWebApi", "Exercise_MVCAndWebApi\Exercise_MVCAndWebApi.csproj", "{B6DEAB95-3719-474C-A6EE-D95A37196E30}"
EndProject
Project("{FAE04EC0-301F-11D3-BF4B-00C04F79EFBC}") = "Exercise_DesignPattern", "Exercise_DesignPattern\Exercise_DesignPattern.csproj", "{C6C857DA-4E58-404B-B889-0CAB61821293}"
EndProject
Project("{FAE04EC0-301F-11D3-BF4B-00C04F79EFBC}") = "Exercise_CSharp", "Exercise_CSharp\Exercise_CSharp.csproj", "{936EE54B-78E3-4217-828A-9FB4E84A9E26}"
EndProject
Global
	GlobalSection(SolutionConfigurationPlatforms) = preSolution
		Debug|Any CPU = Debug|Any CPU
		Release|Any CPU = Release|Any CPU
	EndGlobalSection
	GlobalSection(ProjectConfigurationPlatforms) = postSolution
		{B6DEAB95-3719-474C-A6EE-D95A37196E30}.Debug|Any CPU.ActiveCfg = Debug|Any CPU
		{B6DEAB95-3719-474C-A6EE-D95A37196E30}.Debug|Any CPU.Build.0 = Debug|Any CPU
		{B6DEAB95-3719-474C-A6EE-D95A37196E30}.Release|Any CPU.ActiveCfg = Release|Any CPU
		{B6DEAB95-3719-474C-A6EE-D95A37196E30}.Release|Any CPU.Build.0 = Release|Any CPU
		{C6C857DA-4E58-404B-B889-0CAB61821293}.Debug|Any CPU.ActiveCfg = Debug|Any CPU
		{C6C857DA-4E58-404B-B889-0CAB61821293}.Debug|Any CPU.Build.0 = Debug|Any CPU
		{C6C857DA-4E58-404B-B889-0CAB61821293}.Release|Any CPU.ActiveCfg = Release|Any CPU
		{C6C857DA-4E58-404B-B889-0CAB61821293}.Release|Any CPU.Build.0 = Release|Any CPU
		{936EE54B-78E3-4217-828A-9FB4E84A9E26}.Debug|Any CPU.ActiveCfg = Debug|Any CPU
		{936EE54B-78E3-4217-828A-9FB4E84A9E26}.Debug|Any CPU.Build.0 = Debug|Any CPU
		{936EE54B-78E3-4217-828A-9FB4E84A9E26}.Release|Any CPU.ActiveCfg = Release|Any CPU
		{936EE54B-78E3-4217-828A-9FB4E84A9E26}.Release|Any CPU.Build.0 = Release|Any CPU
	EndGlobalSection
	GlobalSection(SolutionProperties) = preSolution
		HideSolutionNode = FALSE
	EndGlobalSection
	GlobalSection(ExtensibilityGlobals) = postSolution
		SolutionGuid = {88D6318A-3D53-4484-9082-6408FB511850}
	EndGlobalSection
EndGlobal
